
Microsoft Visual Studio Solution File, Format Version 12.00
Project("{FAE04EC0-301F-11D3-BF4B-00C04F79EFBC}") = "FractalzBackendScheduler", "FractalzBackendScheduler\FractalzBackendScheduler.csproj", "{8CEBB520-1C39-46D1-8AB7-1873B398E213}"
EndProject
Project("{FAE04EC0-301F-11D3-BF4B-00C04F79EFBC}") = "FractalzBackendScheduler.Api", "FractalzBackendScheduler.Api\FractalzBackendScheduler.Api.csproj", "{734E840A-8138-467C-AA54-100FC7CB28BC}"
EndProject
Project("{FAE04EC0-301F-11D3-BF4B-00C04F79EFBC}") = "FractalzBackendScheduler.Application", "FractalzBackendScheduler.Application\FractalzBackendScheduler.Application.csproj", "{EADA39CB-C38F-49D4-831B-AFA903363232}"
EndProject
Project("{FAE04EC0-301F-11D3-BF4B-00C04F79EFBC}") = "FractalzBackendScheduler.Infrastructure.Database", "FractalzBackendScheduler.Infrastructure.Database\FractalzBackendScheduler.Infrastructure.Database.csproj", "{93959E19-1134-447C-9D96-45B9CE42F32E}"
EndProject
Global
	GlobalSection(SolutionConfigurationPlatforms) = preSolution
		Debug|Any CPU = Debug|Any CPU
		Release|Any CPU = Release|Any CPU
	EndGlobalSection
	GlobalSection(ProjectConfigurationPlatforms) = postSolution
		{8CEBB520-1C39-46D1-8AB7-1873B398E213}.Debug|Any CPU.ActiveCfg = Debug|Any CPU
		{8CEBB520-1C39-46D1-8AB7-1873B398E213}.Debug|Any CPU.Build.0 = Debug|Any CPU
		{8CEBB520-1C39-46D1-8AB7-1873B398E213}.Release|Any CPU.ActiveCfg = Release|Any CPU
		{8CEBB520-1C39-46D1-8AB7-1873B398E213}.Release|Any CPU.Build.0 = Release|Any CPU
		{734E840A-8138-467C-AA54-100FC7CB28BC}.Debug|Any CPU.ActiveCfg = Debug|Any CPU
		{734E840A-8138-467C-AA54-100FC7CB28BC}.Debug|Any CPU.Build.0 = Debug|Any CPU
		{734E840A-8138-467C-AA54-100FC7CB28BC}.Release|Any CPU.ActiveCfg = Release|Any CPU
		{734E840A-8138-467C-AA54-100FC7CB28BC}.Release|Any CPU.Build.0 = Release|Any CPU
		{EADA39CB-C38F-49D4-831B-AFA903363232}.Debug|Any CPU.ActiveCfg = Debug|Any CPU
		{EADA39CB-C38F-49D4-831B-AFA903363232}.Debug|Any CPU.Build.0 = Debug|Any CPU
		{EADA39CB-C38F-49D4-831B-AFA903363232}.Release|Any CPU.ActiveCfg = Release|Any CPU
		{EADA39CB-C38F-49D4-831B-AFA903363232}.Release|Any CPU.Build.0 = Release|Any CPU
		{93959E19-1134-447C-9D96-45B9CE42F32E}.Debug|Any CPU.ActiveCfg = Debug|Any CPU
		{93959E19-1134-447C-9D96-45B9CE42F32E}.Debug|Any CPU.Build.0 = Debug|Any CPU
		{93959E19-1134-447C-9D96-45B9CE42F32E}.Release|Any CPU.ActiveCfg = Release|Any CPU
		{93959E19-1134-447C-9D96-45B9CE42F32E}.Release|Any CPU.Build.0 = Release|Any CPU
	EndGlobalSection
EndGlobal
